
Microsoft Visual Studio Solution File, Format Version 12.00
# Visual Studio Version 16
VisualStudioVersion = 16.0.31129.286
MinimumVisualStudioVersion = 10.0.40219.1
Project("{9A19103F-16F7-4668-BE54-9A1E7A4F7556}") = "NewsAggregator.WebUI", "NewsAggregator.WebUI.csproj", "{A18E842A-5C14-4E45-ADAE-425C3322E459}"
EndProject
Project("{FAE04EC0-301F-11D3-BF4B-00C04F79EFBC}") = "NewsAggregator.Data", "..\NewsAggregator.Data\NewsAggregator.Data.csproj", "{DF7934D5-8BCA-49EF-9CF7-B21DEC9F2128}"
EndProject
Project("{FAE04EC0-301F-11D3-BF4B-00C04F79EFBC}") = "NewsAggregator.Services", "..\NewsAggregator.Services\NewsAggregator.Services.csproj", "{7D5E16BE-BB0D-44D7-AC32-2EEEE30ACAB4}"
EndProject
Global
	GlobalSection(SolutionConfigurationPlatforms) = preSolution
		Debug|Any CPU = Debug|Any CPU
		Release|Any CPU = Release|Any CPU
	EndGlobalSection
	GlobalSection(ProjectConfigurationPlatforms) = postSolution
		{A18E842A-5C14-4E45-ADAE-425C3322E459}.Debug|Any CPU.ActiveCfg = Debug|Any CPU
		{A18E842A-5C14-4E45-ADAE-425C3322E459}.Debug|Any CPU.Build.0 = Debug|Any CPU
		{A18E842A-5C14-4E45-ADAE-425C3322E459}.Release|Any CPU.ActiveCfg = Release|Any CPU
		{A18E842A-5C14-4E45-ADAE-425C3322E459}.Release|Any CPU.Build.0 = Release|Any CPU
		{DF7934D5-8BCA-49EF-9CF7-B21DEC9F2128}.Debug|Any CPU.ActiveCfg = Debug|Any CPU
		{DF7934D5-8BCA-49EF-9CF7-B21DEC9F2128}.Debug|Any CPU.Build.0 = Debug|Any CPU
		{DF7934D5-8BCA-49EF-9CF7-B21DEC9F2128}.Release|Any CPU.ActiveCfg = Release|Any CPU
		{DF7934D5-8BCA-49EF-9CF7-B21DEC9F2128}.Release|Any CPU.Build.0 = Release|Any CPU
		{7D5E16BE-BB0D-44D7-AC32-2EEEE30ACAB4}.Debug|Any CPU.ActiveCfg = Debug|Any CPU
		{7D5E16BE-BB0D-44D7-AC32-2EEEE30ACAB4}.Debug|Any CPU.Build.0 = Debug|Any CPU
		{7D5E16BE-BB0D-44D7-AC32-2EEEE30ACAB4}.Release|Any CPU.ActiveCfg = Release|Any CPU
		{7D5E16BE-BB0D-44D7-AC32-2EEEE30ACAB4}.Release|Any CPU.Build.0 = Release|Any CPU
	EndGlobalSection
	GlobalSection(SolutionProperties) = preSolution
		HideSolutionNode = FALSE
	EndGlobalSection
	GlobalSection(ExtensibilityGlobals) = postSolution
		SolutionGuid = {D173EFAF-D5EC-4202-945D-0487B1FF6BC6}
	EndGlobalSection
EndGlobal
